
Microsoft Visual Studio Solution File, Format Version 12.00
# Visual Studio Version 16
VisualStudioVersion = 25.0.1705.2
MinimumVisualStudioVersion = 10.0.40219.1
Project("{FAE04EC0-301F-11D3-BF4B-00C04F79EFBC}") = "TRPG", "TRPG.csproj", "{4E63730E-4874-4FD8-ABB2-78B33F31D928}"
EndProject
Global
	GlobalSection(SolutionConfigurationPlatforms) = preSolution
		Debug|Any CPU = Debug|Any CPU
		Release|Any CPU = Release|Any CPU
	EndGlobalSection
	GlobalSection(ProjectConfigurationPlatforms) = postSolution
		{4E63730E-4874-4FD8-ABB2-78B33F31D928}.Debug|Any CPU.ActiveCfg = Debug|Any CPU
		{4E63730E-4874-4FD8-ABB2-78B33F31D928}.Debug|Any CPU.Build.0 = Debug|Any CPU
		{4E63730E-4874-4FD8-ABB2-78B33F31D928}.Release|Any CPU.ActiveCfg = Release|Any CPU
		{4E63730E-4874-4FD8-ABB2-78B33F31D928}.Release|Any CPU.Build.0 = Release|Any CPU
	EndGlobalSection
	GlobalSection(SolutionProperties) = preSolution
		HideSolutionNode = FALSE
	EndGlobalSection
	GlobalSection(ExtensibilityGlobals) = postSolution
		SolutionGuid = {CE72C5BE-2BA6-4E01-8D7C-8C0DC36EC0C4}
	EndGlobalSection
EndGlobal
